
Microsoft Visual Studio Solution File, Format Version 12.00
# Visual Studio Version 17
VisualStudioVersion = 17.14.36127.28 d17.14
MinimumVisualStudioVersion = 10.0.40219.1
Project("{FAE04EC0-301F-11D3-BF4B-00C04F79EFBC}") = "FindMyCoffee", "FindMyCoffee\FindMyCoffee.csproj", "{EC847A86-642A-46AA-BEF7-2ABD255A2CCA}"
EndProject
Global
	GlobalSection(SolutionConfigurationPlatforms) = preSolution
		Debug|Any CPU = Debug|Any CPU
		Release|Any CPU = Release|Any CPU
	EndGlobalSection
	GlobalSection(ProjectConfigurationPlatforms) = postSolution
		{EC847A86-642A-46AA-BEF7-2ABD255A2CCA}.Debug|Any CPU.ActiveCfg = Debug|Any CPU
		{EC847A86-642A-46AA-BEF7-2ABD255A2CCA}.Debug|Any CPU.Build.0 = Debug|Any CPU
		{EC847A86-642A-46AA-BEF7-2ABD255A2CCA}.Release|Any CPU.ActiveCfg = Release|Any CPU
		{EC847A86-642A-46AA-BEF7-2ABD255A2CCA}.Release|Any CPU.Build.0 = Release|Any CPU
	EndGlobalSection
	GlobalSection(SolutionProperties) = preSolution
		HideSolutionNode = FALSE
	EndGlobalSection
	GlobalSection(ExtensibilityGlobals) = postSolution
		SolutionGuid = {A6F8F57F-6C0F-4445-B142-24DCF3162898}
	EndGlobalSection
EndGlobal
